# THIS IS AN AUTOGENERATED FILE. DO NOT EDIT THIS FILE DIRECTLY.
# yarn lockfile v1


"@clickhouse/client-common@0.3.1":
  version "0.3.1"
  resolved "https://registry.yarnpkg.com/@clickhouse/client-common/-/client-common-0.3.1.tgz#25db4d5fc4d2d01a57e941afc2482c4330d5e6ea"
  integrity sha512-SXErzkCLLp/cRs2P8ihEgOiz1D0RMcQGcccnxrU5+DKWpYMu5/ZR48gBLaUVpVg/hXdBR/9n9XH8CB8d1xKiuQ==

"@clickhouse/client@^0.3.1":
  version "0.3.1"
  resolved "https://registry.yarnpkg.com/@clickhouse/client/-/client-0.3.1.tgz#33122bb9e058609282142fa75e4b79c47210ec2e"
  integrity sha512-5ywbK3oJJ8HIMzSZ6qJAhr6SyjmaBLy9fnVrLdacnZpFhD8j2RMKyM9yu3kAOzCF2HhFbdTPM/+KVWTpKjJlpA==
  dependencies:
    "@clickhouse/client-common" "0.3.1"
